// !$*UTF8*$!
{
	archiveVersion = 1;
	classes = {
	};
	objectVersion = 56;
	objects = {

/* Begin PBXBuildFile section */
		374B792D2988DEFD002BCA7B /* MovieModel.swift in Sources */ = {isa = PBXBuildFile; fileRef = 374B792C2988DEFD002BCA7B /* MovieModel.swift */; };
		379F9AE429766AA500746C12 /* AppDelegate.swift in Sources */ = {isa = PBXBuildFile; fileRef = 379F9AE329766AA500746C12 /* AppDelegate.swift */; };
		379F9AE629766AA500746C12 /* SceneDelegate.swift in Sources */ = {isa = PBXBuildFile; fileRef = 379F9AE529766AA500746C12 /* SceneDelegate.swift */; };
		379F9AE829766AA500746C12 /* MainViewController.swift in Sources */ = {isa = PBXBuildFile; fileRef = 379F9AE729766AA500746C12 /* MainViewController.swift */; };
		379F9AED29766AA600746C12 /* Assets.xcassets in Resources */ = {isa = PBXBuildFile; fileRef = 379F9AEC29766AA600746C12 /* Assets.xcassets */; };
		379F9AF029766AA600746C12 /* LaunchScreen.storyboard in Resources */ = {isa = PBXBuildFile; fileRef = 379F9AEE29766AA600746C12 /* LaunchScreen.storyboard */; };
		379F9AF929766C3600746C12 /* PosterViewController.swift in Sources */ = {isa = PBXBuildFile; fileRef = 379F9AF829766C3600746C12 /* PosterViewController.swift */; };
		379F9AFB29766C4800746C12 /* PlacesViewController.swift in Sources */ = {isa = PBXBuildFile; fileRef = 379F9AFA29766C4800746C12 /* PlacesViewController.swift */; };
		379F9AFD29766C5900746C12 /* TicketsViewController.swift in Sources */ = {isa = PBXBuildFile; fileRef = 379F9AFC29766C5900746C12 /* TicketsViewController.swift */; };
		379F9AFF29766C6300746C12 /* ProfileViewController.swift in Sources */ = {isa = PBXBuildFile; fileRef = 379F9AFE29766C6300746C12 /* ProfileViewController.swift */; };
		379F9B0229766FB700746C12 /* Constants.swift in Sources */ = {isa = PBXBuildFile; fileRef = 379F9B0129766FB700746C12 /* Constants.swift */; };
		379F9B04297680AF00746C12 /* MediaTypeCollectionViewCell.swift in Sources */ = {isa = PBXBuildFile; fileRef = 379F9B03297680AF00746C12 /* MediaTypeCollectionViewCell.swift */; };
		37A09A0E2987F22E00060358 /* MovieData.swift in Sources */ = {isa = PBXBuildFile; fileRef = 37A09A0D2987F22E00060358 /* MovieData.swift */; };
		37C351D129795D8C005EC856 /* APICaller.swift in Sources */ = {isa = PBXBuildFile; fileRef = 37C351D029795D8C005EC856 /* APICaller.swift */; };
		37CC833E2978111500BF95A5 /* TrendingCollectionViewCell.swift in Sources */ = {isa = PBXBuildFile; fileRef = 37CC833D2978111500BF95A5 /* TrendingCollectionViewCell.swift */; };
		37CC83402978174A00BF95A5 /* MovieTableViewCell.swift in Sources */ = {isa = PBXBuildFile; fileRef = 37CC833F2978174A00BF95A5 /* MovieTableViewCell.swift */; };
		37CC83422978187B00BF95A5 /* MediaTypeHeaderView.swift in Sources */ = {isa = PBXBuildFile; fileRef = 37CC83412978187B00BF95A5 /* MediaTypeHeaderView.swift */; };
		37CC83442978227C00BF95A5 /* MovieCollectionViewCell.swift in Sources */ = {isa = PBXBuildFile; fileRef = 37CC83432978227C00BF95A5 /* MovieCollectionViewCell.swift */; };
		4708E2CDD21063792789903E /* Pods_kinokzclone.framework in Frameworks */ = {isa = PBXBuildFile; fileRef = EC501143D3D4E8A319D055B5 /* Pods_kinokzclone.framework */; };
/* End PBXBuildFile section */

/* Begin PBXFileReference section */
		374B792C2988DEFD002BCA7B /* MovieModel.swift */ = {isa = PBXFileReference; lastKnownFileType = sourcecode.swift; path = MovieModel.swift; sourceTree = "<group>"; };
		379F9AE029766AA500746C12 /* kinokzclone.app */ = {isa = PBXFileReference; explicitFileType = wrapper.application; includeInIndex = 0; path = kinokzclone.app; sourceTree = BUILT_PRODUCTS_DIR; };
		379F9AE329766AA500746C12 /* AppDelegate.swift */ = {isa = PBXFileReference; lastKnownFileType = sourcecode.swift; path = AppDelegate.swift; sourceTree = "<group>"; };
		379F9AE529766AA500746C12 /* SceneDelegate.swift */ = {isa = PBXFileReference; lastKnownFileType = sourcecode.swift; path = SceneDelegate.swift; sourceTree = "<group>"; };
		379F9AE729766AA500746C12 /* MainViewController.swift */ = {isa = PBXFileReference; lastKnownFileType = sourcecode.swift; path = MainViewController.swift; sourceTree = "<group>"; };
		379F9AEC29766AA600746C12 /* Assets.xcassets */ = {isa = PBXFileReference; lastKnownFileType = folder.assetcatalog; path = Assets.xcassets; sourceTree = "<group>"; };
		379F9AEF29766AA600746C12 /* Base */ = {isa = PBXFileReference; lastKnownFileType = file.storyboard; name = Base; path = Base.lproj/LaunchScreen.storyboard; sourceTree = "<group>"; };
		379F9AF129766AA600746C12 /* Info.plist */ = {isa = PBXFileReference; lastKnownFileType = text.plist.xml; path = Info.plist; sourceTree = "<group>"; };
		379F9AF829766C3600746C12 /* PosterViewController.swift */ = {isa = PBXFileReference; lastKnownFileType = sourcecode.swift; path = PosterViewController.swift; sourceTree = "<group>"; };
		379F9AFA29766C4800746C12 /* PlacesViewController.swift */ = {isa = PBXFileReference; lastKnownFileType = sourcecode.swift; path = PlacesViewController.swift; sourceTree = "<group>"; };
		379F9AFC29766C5900746C12 /* TicketsViewController.swift */ = {isa = PBXFileReference; lastKnownFileType = sourcecode.swift; path = TicketsViewController.swift; sourceTree = "<group>"; };
		379F9AFE29766C6300746C12 /* ProfileViewController.swift */ = {isa = PBXFileReference; lastKnownFileType = sourcecode.swift; path = ProfileViewController.swift; sourceTree = "<group>"; };
		379F9B0129766FB700746C12 /* Constants.swift */ = {isa = PBXFileReference; lastKnownFileType = sourcecode.swift; path = Constants.swift; sourceTree = "<group>"; };
		379F9B03297680AF00746C12 /* MediaTypeCollectionViewCell.swift */ = {isa = PBXFileReference; lastKnownFileType = sourcecode.swift; path = MediaTypeCollectionViewCell.swift; sourceTree = "<group>"; };
		37A09A0D2987F22E00060358 /* MovieData.swift */ = {isa = PBXFileReference; lastKnownFileType = sourcecode.swift; path = MovieData.swift; sourceTree = "<group>"; };
		37C351D029795D8C005EC856 /* APICaller.swift */ = {isa = PBXFileReference; lastKnownFileType = sourcecode.swift; path = APICaller.swift; sourceTree = "<group>"; };
		37CC833D2978111500BF95A5 /* TrendingCollectionViewCell.swift */ = {isa = PBXFileReference; lastKnownFileType = sourcecode.swift; path = TrendingCollectionViewCell.swift; sourceTree = "<group>"; };
		37CC833F2978174A00BF95A5 /* MovieTableViewCell.swift */ = {isa = PBXFileReference; lastKnownFileType = sourcecode.swift; path = MovieTableViewCell.swift; sourceTree = "<group>"; };
		37CC83412978187B00BF95A5 /* MediaTypeHeaderView.swift */ = {isa = PBXFileReference; lastKnownFileType = sourcecode.swift; path = MediaTypeHeaderView.swift; sourceTree = "<group>"; };
		37CC83432978227C00BF95A5 /* MovieCollectionViewCell.swift */ = {isa = PBXFileReference; lastKnownFileType = sourcecode.swift; path = MovieCollectionViewCell.swift; sourceTree = "<group>"; };
		679E55554F148C5968320CEF /* Pods-kinokzclone.release.xcconfig */ = {isa = PBXFileReference; includeInIndex = 1; lastKnownFileType = text.xcconfig; name = "Pods-kinokzclone.release.xcconfig"; path = "Target Support Files/Pods-kinokzclone/Pods-kinokzclone.release.xcconfig"; sourceTree = "<group>"; };
		9E90410DB6CA2EBB164F3C83 /* Pods-kinokzclone.debug.xcconfig */ = {isa = PBXFileReference; includeInIndex = 1; lastKnownFileType = text.xcconfig; name = "Pods-kinokzclone.debug.xcconfig"; path = "Target Support Files/Pods-kinokzclone/Pods-kinokzclone.debug.xcconfig"; sourceTree = "<group>"; };
		EC501143D3D4E8A319D055B5 /* Pods_kinokzclone.framework */ = {isa = PBXFileReference; explicitFileType = wrapper.framework; includeInIndex = 0; path = Pods_kinokzclone.framework; sourceTree = BUILT_PRODUCTS_DIR; };
/* End PBXFileReference section */

/* Begin PBXFrameworksBuildPhase section */
		379F9ADD29766AA500746C12 /* Frameworks */ = {
			isa = PBXFrameworksBuildPhase;
			buildActionMask = 2147483647;
			files = (
				4708E2CDD21063792789903E /* Pods_kinokzclone.framework in Frameworks */,
			);
			runOnlyForDeploymentPostprocessing = 0;
		};
/* End PBXFrameworksBuildPhase section */

/* Begin PBXGroup section */
		379F9AD729766AA500746C12 = {
			isa = PBXGroup;
			children = (
				379F9AE229766AA500746C12 /* kinokzclone */,
				379F9AE129766AA500746C12 /* Products */,
				9BF64A28DED09586A0C6CB19 /* Pods */,
				94FA763ABAED3A3F0443FD36 /* Frameworks */,
			);
			sourceTree = "<group>";
		};
		379F9AE129766AA500746C12 /* Products */ = {
			isa = PBXGroup;
			children = (
				379F9AE029766AA500746C12 /* kinokzclone.app */,
			);
			name = Products;
			sourceTree = "<group>";
		};
		379F9AE229766AA500746C12 /* kinokzclone */ = {
			isa = PBXGroup;
			children = (
				37C351CF29795D6C005EC856 /* Models */,
				379F9B0029766FA500746C12 /* Views */,
				379F9AF729766BE800746C12 /* ViewControllers */,
				379F9AE329766AA500746C12 /* AppDelegate.swift */,
				379F9AE529766AA500746C12 /* SceneDelegate.swift */,
				379F9B0129766FB700746C12 /* Constants.swift */,
				379F9AEC29766AA600746C12 /* Assets.xcassets */,
				379F9AEE29766AA600746C12 /* LaunchScreen.storyboard */,
				379F9AF129766AA600746C12 /* Info.plist */,
			);
			path = kinokzclone;
			sourceTree = "<group>";
		};
		379F9AF729766BE800746C12 /* ViewControllers */ = {
			isa = PBXGroup;
			children = (
				379F9AE729766AA500746C12 /* MainViewController.swift */,
				379F9AF829766C3600746C12 /* PosterViewController.swift */,
				379F9AFA29766C4800746C12 /* PlacesViewController.swift */,
				379F9AFC29766C5900746C12 /* TicketsViewController.swift */,
				379F9AFE29766C6300746C12 /* ProfileViewController.swift */,
			);
			path = ViewControllers;
			sourceTree = "<group>";
		};
		379F9B0029766FA500746C12 /* Views */ = {
			isa = PBXGroup;
			children = (
				379F9B03297680AF00746C12 /* MediaTypeCollectionViewCell.swift */,
				37CC833D2978111500BF95A5 /* TrendingCollectionViewCell.swift */,
				37CC833F2978174A00BF95A5 /* MovieTableViewCell.swift */,
				37CC83412978187B00BF95A5 /* MediaTypeHeaderView.swift */,
				37CC83432978227C00BF95A5 /* MovieCollectionViewCell.swift */,
			);
			path = Views;
			sourceTree = "<group>";
		};
		37C351CF29795D6C005EC856 /* Models */ = {
			isa = PBXGroup;
			children = (
				37C351D029795D8C005EC856 /* APICaller.swift */,
				37A09A0D2987F22E00060358 /* MovieData.swift */,
				374B792C2988DEFD002BCA7B /* MovieModel.swift */,
			);
			path = Models;
			sourceTree = "<group>";
		};
		94FA763ABAED3A3F0443FD36 /* Frameworks */ = {
			isa = PBXGroup;
			children = (
				EC501143D3D4E8A319D055B5 /* Pods_kinokzclone.framework */,
			);
			name = Frameworks;
			sourceTree = "<group>";
		};
		9BF64A28DED09586A0C6CB19 /* Pods */ = {
			isa = PBXGroup;
			children = (
				9E90410DB6CA2EBB164F3C83 /* Pods-kinokzclone.debug.xcconfig */,
				679E55554F148C5968320CEF /* Pods-kinokzclone.release.xcconfig */,
			);
			path = Pods;
			sourceTree = "<group>";
		};
/* End PBXGroup section */

/* Begin PBXNativeTarget section */
		379F9ADF29766AA500746C12 /* kinokzclone */ = {
			isa = PBXNativeTarget;
			buildConfigurationList = 379F9AF429766AA600746C12 /* Build configuration list for PBXNativeTarget "kinokzclone" */;
			buildPhases = (
				DFF000816C42E6DCC6602B4C /* [CP] Check Pods Manifest.lock */,
				379F9ADC29766AA500746C12 /* Sources */,
				379F9ADD29766AA500746C12 /* Frameworks */,
				379F9ADE29766AA500746C12 /* Resources */,
				23C2692488B911AA76C51854 /* [CP] Embed Pods Frameworks */,
			);
			buildRules = (
			);
			dependencies = (
			);
			name = kinokzclone;
			productName = kinokzclone;
			productReference = 379F9AE029766AA500746C12 /* kinokzclone.app */;
			productType = "com.apple.product-type.application";
		};
/* End PBXNativeTarget section */

/* Begin PBXProject section */
		379F9AD829766AA500746C12 /* Project object */ = {
			isa = PBXProject;
			attributes = {
				BuildIndependentTargetsInParallel = 1;
				LastSwiftUpdateCheck = 1410;
				LastUpgradeCheck = 1410;
				TargetAttributes = {
					379F9ADF29766AA500746C12 = {
						CreatedOnToolsVersion = 14.1;
					};
				};
			};
			buildConfigurationList = 379F9ADB29766AA500746C12 /* Build configuration list for PBXProject "kinokzclone" */;
			compatibilityVersion = "Xcode 14.0";
			developmentRegion = en;
			hasScannedForEncodings = 0;
			knownRegions = (
				en,
				Base,
			);
			mainGroup = 379F9AD729766AA500746C12;
			productRefGroup = 379F9AE129766AA500746C12 /* Products */;
			projectDirPath = "";
			projectRoot = "";
			targets = (
				379F9ADF29766AA500746C12 /* kinokzclone */,
			);
		};
/* End PBXProject section */

/* Begin PBXResourcesBuildPhase section */
		379F9ADE29766AA500746C12 /* Resources */ = {
			isa = PBXResourcesBuildPhase;
			buildActionMask = 2147483647;
			files = (
				379F9AF029766AA600746C12 /* LaunchScreen.storyboard in Resources */,
				379F9AED29766AA600746C12 /* Assets.xcassets in Resources */,
			);
			runOnlyForDeploymentPostprocessing = 0;
		};
/* End PBXResourcesBuildPhase section */

/* Begin PBXShellScriptBuildPhase section */
		23C2692488B911AA76C51854 /* [CP] Embed Pods Frameworks */ = {
			isa = PBXShellScriptBuildPhase;
			buildActionMask = 2147483647;
			files = (
			);
			inputFileListPaths = (
				"${PODS_ROOT}/Target Support Files/Pods-kinokzclone/Pods-kinokzclone-frameworks-${CONFIGURATION}-input-files.xcfilelist",
			);
			name = "[CP] Embed Pods Frameworks";
			outputFileListPaths = (
				"${PODS_ROOT}/Target Support Files/Pods-kinokzclone/Pods-kinokzclone-frameworks-${CONFIGURATION}-output-files.xcfilelist",
			);
			runOnlyForDeploymentPostprocessing = 0;
			shellPath = /bin/sh;
			shellScript = "\"${PODS_ROOT}/Target Support Files/Pods-kinokzclone/Pods-kinokzclone-frameworks.sh\"\n";
			showEnvVarsInLog = 0;
		};
		DFF000816C42E6DCC6602B4C /* [CP] Check Pods Manifest.lock */ = {
			isa = PBXShellScriptBuildPhase;
			buildActionMask = 2147483647;
			files = (
			);
			inputFileListPaths = (
			);
			inputPaths = (
				"${PODS_PODFILE_DIR_PATH}/Podfile.lock",
				"${PODS_ROOT}/Manifest.lock",
			);
			name = "[CP] Check Pods Manifest.lock";
			outputFileListPaths = (
			);
			outputPaths = (
				"$(DERIVED_FILE_DIR)/Pods-kinokzclone-checkManifestLockResult.txt",
			);
			runOnlyForDeploymentPostprocessing = 0;
			shellPath = /bin/sh;
			shellScript = "diff \"${PODS_PODFILE_DIR_PATH}/Podfile.lock\" \"${PODS_ROOT}/Manifest.lock\" > /dev/null\nif [ $? != 0 ] ; then\n    # print error to STDERR\n    echo \"error: The sandbox is not in sync with the Podfile.lock. Run 'pod install' or update your CocoaPods installation.\" >&2\n    exit 1\nfi\n# This output is used by Xcode 'outputs' to avoid re-running this script phase.\necho \"SUCCESS\" > \"${SCRIPT_OUTPUT_FILE_0}\"\n";
			showEnvVarsInLog = 0;
		};
/* End PBXShellScriptBuildPhase section */

/* Begin PBXSourcesBuildPhase section */
		379F9ADC29766AA500746C12 /* Sources */ = {
			isa = PBXSourcesBuildPhase;
			buildActionMask = 2147483647;
			files = (
				379F9AE829766AA500746C12 /* MainViewController.swift in Sources */,
				37CC83442978227C00BF95A5 /* MovieCollectionViewCell.swift in Sources */,
				37A09A0E2987F22E00060358 /* MovieData.swift in Sources */,
				379F9AF929766C3600746C12 /* PosterViewController.swift in Sources */,
				37C351D129795D8C005EC856 /* APICaller.swift in Sources */,
				379F9AFB29766C4800746C12 /* PlacesViewController.swift in Sources */,
				379F9AE429766AA500746C12 /* AppDelegate.swift in Sources */,
				379F9AFF29766C6300746C12 /* ProfileViewController.swift in Sources */,
				379F9AFD29766C5900746C12 /* TicketsViewController.swift in Sources */,
				37CC833E2978111500BF95A5 /* TrendingCollectionViewCell.swift in Sources */,
				379F9AE629766AA500746C12 /* SceneDelegate.swift in Sources */,
				379F9B04297680AF00746C12 /* MediaTypeCollectionViewCell.swift in Sources */,
				374B792D2988DEFD002BCA7B /* MovieModel.swift in Sources */,
				37CC83402978174A00BF95A5 /* MovieTableViewCell.swift in Sources */,
				37CC83422978187B00BF95A5 /* MediaTypeHeaderView.swift in Sources */,
				379F9B0229766FB700746C12 /* Constants.swift in Sources */,
			);
			runOnlyForDeploymentPostprocessing = 0;
		};
/* End PBXSourcesBuildPhase section */

/* Begin PBXVariantGroup section */
		379F9AEE29766AA600746C12 /* LaunchScreen.storyboard */ = {
			isa = PBXVariantGroup;
			children = (
				379F9AEF29766AA600746C12 /* Base */,
			);
			name = LaunchScreen.storyboard;
			sourceTree = "<group>";
		};
/* End PBXVariantGroup section */

/* Begin XCBuildConfiguration section */
		379F9AF229766AA600746C12 /* Debug */ = {
			isa = XCBuildConfiguration;
			buildSettings = {
				ALWAYS_SEARCH_USER_PATHS = NO;
				CLANG_ANALYZER_NONNULL = YES;
				CLANG_ANALYZER_NUMBER_OBJECT_CONVERSION = YES_AGGRESSIVE;
				CLANG_CXX_LANGUAGE_STANDARD = "gnu++20";
				CLANG_ENABLE_MODULES = YES;
				CLANG_ENABLE_OBJC_ARC = YES;
				CLANG_ENABLE_OBJC_WEAK = YES;
				CLANG_WARN_BLOCK_CAPTURE_AUTORELEASING = YES;
				CLANG_WARN_BOOL_CONVERSION = YES;
				CLANG_WARN_COMMA = YES;
				CLANG_WARN_CONSTANT_CONVERSION = YES;
				CLANG_WARN_DEPRECATED_OBJC_IMPLEMENTATIONS = YES;
				CLANG_WARN_DIRECT_OBJC_ISA_USAGE = YES_ERROR;
				CLANG_WARN_DOCUMENTATION_COMMENTS = YES;
				CLANG_WARN_EMPTY_BODY = YES;
				CLANG_WARN_ENUM_CONVERSION = YES;
				CLANG_WARN_INFINITE_RECURSION = YES;
				CLANG_WARN_INT_CONVERSION = YES;
				CLANG_WARN_NON_LITERAL_NULL_CONVERSION = YES;
				CLANG_WARN_OBJC_IMPLICIT_RETAIN_SELF = YES;
				CLANG_WARN_OBJC_LITERAL_CONVERSION = YES;
				CLANG_WARN_OBJC_ROOT_CLASS = YES_ERROR;
				CLANG_WARN_QUOTED_INCLUDE_IN_FRAMEWORK_HEADER = YES;
				CLANG_WARN_RANGE_LOOP_ANALYSIS = YES;
				CLANG_WARN_STRICT_PROTOTYPES = YES;
				CLANG_WARN_SUSPICIOUS_MOVE = YES;
				CLANG_WARN_UNGUARDED_AVAILABILITY = YES_AGGRESSIVE;
				CLANG_WARN_UNREACHABLE_CODE = YES;
				CLANG_WARN__DUPLICATE_METHOD_MATCH = YES;
				COPY_PHASE_STRIP = NO;
				DEBUG_INFORMATION_FORMAT = dwarf;
				ENABLE_STRICT_OBJC_MSGSEND = YES;
				ENABLE_TESTABILITY = YES;
				GCC_C_LANGUAGE_STANDARD = gnu11;
				GCC_DYNAMIC_NO_PIC = NO;
				GCC_NO_COMMON_BLOCKS = YES;
				GCC_OPTIMIZATION_LEVEL = 0;
				GCC_PREPROCESSOR_DEFINITIONS = (
					"DEBUG=1",
					"$(inherited)",
				);
				GCC_WARN_64_TO_32_BIT_CONVERSION = YES;
				GCC_WARN_ABOUT_RETURN_TYPE = YES_ERROR;
				GCC_WARN_UNDECLARED_SELECTOR = YES;
				GCC_WARN_UNINITIALIZED_AUTOS = YES_AGGRESSIVE;
				GCC_WARN_UNUSED_FUNCTION = YES;
				GCC_WARN_UNUSED_VARIABLE = YES;
				IPHONEOS_DEPLOYMENT_TARGET = 16.1;
				MTL_ENABLE_DEBUG_INFO = INCLUDE_SOURCE;
				MTL_FAST_MATH = YES;
				ONLY_ACTIVE_ARCH = YES;
				SDKROOT = iphoneos;
				SWIFT_ACTIVE_COMPILATION_CONDITIONS = DEBUG;
				SWIFT_OPTIMIZATION_LEVEL = "-Onone";
			};
			name = Debug;
		};
		379F9AF329766AA600746C12 /* Release */ = {
			isa = XCBuildConfiguration;
			buildSettings = {
				ALWAYS_SEARCH_USER_PATHS = NO;
				CLANG_ANALYZER_NONNULL = YES;
				CLANG_ANALYZER_NUMBER_OBJECT_CONVERSION = YES_AGGRESSIVE;
				CLANG_CXX_LANGUAGE_STANDARD = "gnu++20";
				CLANG_ENABLE_MODULES = YES;
				CLANG_ENABLE_OBJC_ARC = YES;
				CLANG_ENABLE_OBJC_WEAK = YES;
				CLANG_WARN_BLOCK_CAPTURE_AUTORELEASING = YES;
				CLANG_WARN_BOOL_CONVERSION = YES;
				CLANG_WARN_COMMA = YES;
				CLANG_WARN_CONSTANT_CONVERSION = YES;
				CLANG_WARN_DEPRECATED_OBJC_IMPLEMENTATIONS = YES;
				CLANG_WARN_DIRECT_OBJC_ISA_USAGE = YES_ERROR;
				CLANG_WARN_DOCUMENTATION_COMMENTS = YES;
				CLANG_WARN_EMPTY_BODY = YES;
				CLANG_WARN_ENUM_CONVERSION = YES;
				CLANG_WARN_INFINITE_RECURSION = YES;
				CLANG_WARN_INT_CONVERSION = YES;
				CLANG_WARN_NON_LITERAL_NULL_CONVERSION = YES;
				CLANG_WARN_OBJC_IMPLICIT_RETAIN_SELF = YES;
				CLANG_WARN_OBJC_LITERAL_CONVERSION = YES;
				CLANG_WARN_OBJC_ROOT_CLASS = YES_ERROR;
				CLANG_WARN_QUOTED_INCLUDE_IN_FRAMEWORK_HEADER = YES;
				CLANG_WARN_RANGE_LOOP_ANALYSIS = YES;
				CLANG_WARN_STRICT_PROTOTYPES = YES;
				CLANG_WARN_SUSPICIOUS_MOVE = YES;
				CLANG_WARN_UNGUARDED_AVAILABILITY = YES_AGGRESSIVE;
				CLANG_WARN_UNREACHABLE_CODE = YES;
				CLANG_WARN__DUPLICATE_METHOD_MATCH = YES;
				COPY_PHASE_STRIP = NO;
				DEBUG_INFORMATION_FORMAT = "dwarf-with-dsym";
				ENABLE_NS_ASSERTIONS = NO;
				ENABLE_STRICT_OBJC_MSGSEND = YES;
				GCC_C_LANGUAGE_STANDARD = gnu11;
				GCC_NO_COMMON_BLOCKS = YES;
				GCC_WARN_64_TO_32_BIT_CONVERSION = YES;
				GCC_WARN_ABOUT_RETURN_TYPE = YES_ERROR;
				GCC_WARN_UNDECLARED_SELECTOR = YES;
				GCC_WARN_UNINITIALIZED_AUTOS = YES_AGGRESSIVE;
				GCC_WARN_UNUSED_FUNCTION = YES;
				GCC_WARN_UNUSED_VARIABLE = YES;
				IPHONEOS_DEPLOYMENT_TARGET = 16.1;
				MTL_ENABLE_DEBUG_INFO = NO;
				MTL_FAST_MATH = YES;
				SDKROOT = iphoneos;
				SWIFT_COMPILATION_MODE = wholemodule;
				SWIFT_OPTIMIZATION_LEVEL = "-O";
				VALIDATE_PRODUCT = YES;
			};
			name = Release;
		};
		379F9AF529766AA600746C12 /* Debug */ = {
			isa = XCBuildConfiguration;
			baseConfigurationReference = 9E90410DB6CA2EBB164F3C83 /* Pods-kinokzclone.debug.xcconfig */;
			buildSettings = {
				ASSETCATALOG_COMPILER_APPICON_NAME = AppIcon;
				ASSETCATALOG_COMPILER_GLOBAL_ACCENT_COLOR_NAME = AccentColor;
				CODE_SIGN_STYLE = Automatic;
				CURRENT_PROJECT_VERSION = 1;
				DEVELOPMENT_TEAM = 8HA6256KD2;
				GENERATE_INFOPLIST_FILE = YES;
				INFOPLIST_FILE = kinokzclone/Info.plist;
				INFOPLIST_KEY_UIApplicationSupportsIndirectInputEvents = YES;
				INFOPLIST_KEY_UILaunchStoryboardName = LaunchScreen;
				INFOPLIST_KEY_UISupportedInterfaceOrientations_iPad = "UIInterfaceOrientationPortrait UIInterfaceOrientationPortraitUpsideDown UIInterfaceOrientationLandscapeLeft UIInterfaceOrientationLandscapeRight";
				INFOPLIST_KEY_UISupportedInterfaceOrientations_iPhone = "UIInterfaceOrientationPortrait UIInterfaceOrientationLandscapeLeft UIInterfaceOrientationLandscapeRight";
				LD_RUNPATH_SEARCH_PATHS = (
					"$(inherited)",
					"@executable_path/Frameworks",
				);
				MARKETING_VERSION = 1.0;
				PRODUCT_BUNDLE_IDENTIFIER = com.assquire.kinokzclone;
				PRODUCT_NAME = "$(TARGET_NAME)";
				SWIFT_EMIT_LOC_STRINGS = YES;
				SWIFT_VERSION = 5.0;
				TARGETED_DEVICE_FAMILY = "1,2";
			};
			name = Debug;
		};
		379F9AF629766AA600746C12 /* Release */ = {
			isa = XCBuildConfiguration;
			baseConfigurationReference = 679E55554F148C5968320CEF /* Pods-kinokzclone.release.xcconfig */;
			buildSettings = {
				ASSETCATALOG_COMPILER_APPICON_NAME = AppIcon;
				ASSETCATALOG_COMPILER_GLOBAL_ACCENT_COLOR_NAME = AccentColor;
				CODE_SIGN_STYLE = Automatic;
				CURRENT_PROJECT_VERSION = 1;
				DEVELOPMENT_TEAM = 8HA6256KD2;
				GENERATE_INFOPLIST_FILE = YES;
				INFOPLIST_FILE = kinokzclone/Info.plist;
				INFOPLIST_KEY_UIApplicationSupportsIndirectInputEvents = YES;
				INFOPLIST_KEY_UILaunchStoryboardName = LaunchScreen;
				INFOPLIST_KEY_UISupportedInterfaceOrientations_iPad = "UIInterfaceOrientationPortrait UIInterfaceOrientationPortraitUpsideDown UIInterfaceOrientationLandscapeLeft UIInterfaceOrientationLandscapeRight";
				INFOPLIST_KEY_UISupportedInterfaceOrientations_iPhone = "UIInterfaceOrientationPortrait UIInterfaceOrientationLandscapeLeft UIInterfaceOrientationLandscapeRight";
				LD_RUNPATH_SEARCH_PATHS = (
					"$(inherited)",
					"@executable_path/Frameworks",
				);
				MARKETING_VERSION = 1.0;
				PRODUCT_BUNDLE_IDENTIFIER = com.assquire.kinokzclone;
				PRODUCT_NAME = "$(TARGET_NAME)";
				SWIFT_EMIT_LOC_STRINGS = YES;
				SWIFT_VERSION = 5.0;
				TARGETED_DEVICE_FAMILY = "1,2";
			};
			name = Release;
		};
/* End XCBuildConfiguration section */

/* Begin XCConfigurationList section */
		379F9ADB29766AA500746C12 /* Build configuration list for PBXProject "kinokzclone" */ = {
			isa = XCConfigurationList;
			buildConfigurations = (
				379F9AF229766AA600746C12 /* Debug */,
				379F9AF329766AA600746C12 /* Release */,
			);
			defaultConfigurationIsVisible = 0;
			defaultConfigurationName = Release;
		};
		379F9AF429766AA600746C12 /* Build configuration list for PBXNativeTarget "kinokzclone" */ = {
			isa = XCConfigurationList;
			buildConfigurations = (
				379F9AF529766AA600746C12 /* Debug */,
				379F9AF629766AA600746C12 /* Release */,
			);
			defaultConfigurationIsVisible = 0;
			defaultConfigurationName = Release;
		};
/* End XCConfigurationList section */
	};
	rootObject = 379F9AD829766AA500746C12 /* Project object */;
}
